
Microsoft Visual Studio Solution File, Format Version 12.00
# Visual Studio 14
VisualStudioVersion = 14.0.25420.1
MinimumVisualStudioVersion = 10.0.40219.1
Project("{FAE04EC0-301F-11D3-BF4B-00C04F79EFBC}") = "AmyzFactory", "AmyzFactory\AmyzFactory.csproj", "{D042DD3B-407B-49E0-9FB2-EF462DA3062A}"
EndProject
Project("{FAE04EC0-301F-11D3-BF4B-00C04F79EFBC}") = "AmyzFeed.Business", "AmyzFeed.Business\AmyzFeed.Business.csproj", "{8BBE312F-F735-41DC-8E97-005DA16A14F2}"
EndProject
Project("{FAE04EC0-301F-11D3-BF4B-00C04F79EFBC}") = "AmyzFeed.Domain", "AmyzFeed.Domain\AmyzFeed.Domain.csproj", "{A780C495-A26C-4C19-88E0-AB1EEF1FA97D}"
EndProject
Project("{FAE04EC0-301F-11D3-BF4B-00C04F79EFBC}") = "AmyzFeed.Repository", "AmyzFeed.Repository\AmyzFeed.Repository.csproj", "{D7ED7516-A15E-414E-94D6-072F0BF0F598}"
EndProject
Project("{FAE04EC0-301F-11D3-BF4B-00C04F79EFBC}") = "FeedApi", "FeedApi\FeedApi.csproj", "{8E720BB9-BA94-47E7-9E62-B12E2D9732E8}"
EndProject
Project("{FAE04EC0-301F-11D3-BF4B-00C04F79EFBC}") = "AmyzApi", "AmyzApi\AmyzApi.csproj", "{01F9F31A-1679-482A-9136-BB3BCEA1D8FA}"
EndProject
Global
	GlobalSection(SolutionConfigurationPlatforms) = preSolution
		Debug|Any CPU = Debug|Any CPU
		Release|Any CPU = Release|Any CPU
	EndGlobalSection
	GlobalSection(ProjectConfigurationPlatforms) = postSolution
		{D042DD3B-407B-49E0-9FB2-EF462DA3062A}.Debug|Any CPU.ActiveCfg = Debug|Any CPU
		{D042DD3B-407B-49E0-9FB2-EF462DA3062A}.Debug|Any CPU.Build.0 = Debug|Any CPU
		{D042DD3B-407B-49E0-9FB2-EF462DA3062A}.Release|Any CPU.ActiveCfg = Release|Any CPU
		{D042DD3B-407B-49E0-9FB2-EF462DA3062A}.Release|Any CPU.Build.0 = Release|Any CPU
		{8BBE312F-F735-41DC-8E97-005DA16A14F2}.Debug|Any CPU.ActiveCfg = Debug|Any CPU
		{8BBE312F-F735-41DC-8E97-005DA16A14F2}.Debug|Any CPU.Build.0 = Debug|Any CPU
		{8BBE312F-F735-41DC-8E97-005DA16A14F2}.Release|Any CPU.ActiveCfg = Release|Any CPU
		{8BBE312F-F735-41DC-8E97-005DA16A14F2}.Release|Any CPU.Build.0 = Release|Any CPU
		{A780C495-A26C-4C19-88E0-AB1EEF1FA97D}.Debug|Any CPU.ActiveCfg = Debug|Any CPU
		{A780C495-A26C-4C19-88E0-AB1EEF1FA97D}.Debug|Any CPU.Build.0 = Debug|Any CPU
		{A780C495-A26C-4C19-88E0-AB1EEF1FA97D}.Release|Any CPU.ActiveCfg = Release|Any CPU
		{A780C495-A26C-4C19-88E0-AB1EEF1FA97D}.Release|Any CPU.Build.0 = Release|Any CPU
		{D7ED7516-A15E-414E-94D6-072F0BF0F598}.Debug|Any CPU.ActiveCfg = Debug|Any CPU
		{D7ED7516-A15E-414E-94D6-072F0BF0F598}.Debug|Any CPU.Build.0 = Debug|Any CPU
		{D7ED7516-A15E-414E-94D6-072F0BF0F598}.Release|Any CPU.ActiveCfg = Release|Any CPU
		{D7ED7516-A15E-414E-94D6-072F0BF0F598}.Release|Any CPU.Build.0 = Release|Any CPU
		{8E720BB9-BA94-47E7-9E62-B12E2D9732E8}.Debug|Any CPU.ActiveCfg = Debug|Any CPU
		{8E720BB9-BA94-47E7-9E62-B12E2D9732E8}.Debug|Any CPU.Build.0 = Debug|Any CPU
		{8E720BB9-BA94-47E7-9E62-B12E2D9732E8}.Release|Any CPU.ActiveCfg = Release|Any CPU
		{8E720BB9-BA94-47E7-9E62-B12E2D9732E8}.Release|Any CPU.Build.0 = Release|Any CPU
		{01F9F31A-1679-482A-9136-BB3BCEA1D8FA}.Debug|Any CPU.ActiveCfg = Debug|Any CPU
		{01F9F31A-1679-482A-9136-BB3BCEA1D8FA}.Debug|Any CPU.Build.0 = Debug|Any CPU
		{01F9F31A-1679-482A-9136-BB3BCEA1D8FA}.Release|Any CPU.ActiveCfg = Release|Any CPU
		{01F9F31A-1679-482A-9136-BB3BCEA1D8FA}.Release|Any CPU.Build.0 = Release|Any CPU
	EndGlobalSection
	GlobalSection(SolutionProperties) = preSolution
		HideSolutionNode = FALSE
	EndGlobalSection
EndGlobal
